
Microsoft Visual Studio Solution File, Format Version 12.00
# Visual Studio Version 16
VisualStudioVersion = 16.0.31702.278
MinimumVisualStudioVersion = 10.0.40219.1
Project("{FAE04EC0-301F-11D3-BF4B-00C04F79EFBC}") = "SlowLearnerApi", "SlowLearnerApi.csproj", "{55B8354F-16DE-47A1-803E-7CC397108288}"
EndProject
Global
	GlobalSection(SolutionConfigurationPlatforms) = preSolution
		Debug|Any CPU = Debug|Any CPU
		Release|Any CPU = Release|Any CPU
	EndGlobalSection
	GlobalSection(ProjectConfigurationPlatforms) = postSolution
		{55B8354F-16DE-47A1-803E-7CC397108288}.Debug|Any CPU.ActiveCfg = Debug|Any CPU
		{55B8354F-16DE-47A1-803E-7CC397108288}.Debug|Any CPU.Build.0 = Debug|Any CPU
		{55B8354F-16DE-47A1-803E-7CC397108288}.Release|Any CPU.ActiveCfg = Release|Any CPU
		{55B8354F-16DE-47A1-803E-7CC397108288}.Release|Any CPU.Build.0 = Release|Any CPU
	EndGlobalSection
	GlobalSection(SolutionProperties) = preSolution
		HideSolutionNode = FALSE
	EndGlobalSection
	GlobalSection(ExtensibilityGlobals) = postSolution
		SolutionGuid = {45A9F65C-4466-41A5-977C-391AF59FC688}
	EndGlobalSection
EndGlobal
